
Microsoft Visual Studio Solution File, Format Version 12.00
# Visual Studio Version 16
VisualStudioVersion = 16.0.32802.399
MinimumVisualStudioVersion = 10.0.40219.1
Project("{FAE04EC0-301F-11D3-BF4B-00C04F79EFBC}") = "WebApplication6", "WebApplication6\WebApplication6.csproj", "{DF872038-3279-4311-8826-2215D6D32921}"
EndProject
Global
	GlobalSection(SolutionConfigurationPlatforms) = preSolution
		Debug|Any CPU = Debug|Any CPU
		Release|Any CPU = Release|Any CPU
	EndGlobalSection
	GlobalSection(ProjectConfigurationPlatforms) = postSolution
		{DF872038-3279-4311-8826-2215D6D32921}.Debug|Any CPU.ActiveCfg = Debug|Any CPU
		{DF872038-3279-4311-8826-2215D6D32921}.Debug|Any CPU.Build.0 = Debug|Any CPU
		{DF872038-3279-4311-8826-2215D6D32921}.Release|Any CPU.ActiveCfg = Release|Any CPU
		{DF872038-3279-4311-8826-2215D6D32921}.Release|Any CPU.Build.0 = Release|Any CPU
	EndGlobalSection
	GlobalSection(SolutionProperties) = preSolution
		HideSolutionNode = FALSE
	EndGlobalSection
	GlobalSection(ExtensibilityGlobals) = postSolution
		SolutionGuid = {5D4C05AA-C070-41FA-AD14-344E55181CCB}
	EndGlobalSection
EndGlobal
